Microsoft Visual Studio Solution File, Format Version 11.00
# Visual Studio 2008

Project("{F9FE2C6E-8F11-26E5-1945-727DE4F7A5A3}") = "GP2 RPG", "Assembly-CSharp.csproj", "{645FC826-934A-5E84-6275-8BC390D800FD}"
EndProject
Project("{F9FE2C6E-8F11-26E5-1945-727DE4F7A5A3}") = "GP2 RPG", "Assembly-CSharp-Editor.csproj", "{451F42DC-41A5-3BA9-EB8E-5A05335D091D}"
EndProject
Global
	GlobalSection(SolutionConfigurationPlatforms) = preSolution
		Debug|Any CPU = Debug|Any CPU
		Release|Any CPU = Release|Any CPU
	EndGlobalSection
	GlobalSection(ProjectConfigurationPlatforms) = postSolution
		{645FC826-934A-5E84-6275-8BC390D800FD}.Debug|Any CPU.ActiveCfg = Debug|Any CPU
		{645FC826-934A-5E84-6275-8BC390D800FD}.Debug|Any CPU.Build.0 = Debug|Any CPU
		{645FC826-934A-5E84-6275-8BC390D800FD}.Release|Any CPU.ActiveCfg = Release|Any CPU
		{645FC826-934A-5E84-6275-8BC390D800FD}.Release|Any CPU.Build.0 = Release|Any CPU
		{451F42DC-41A5-3BA9-EB8E-5A05335D091D}.Debug|Any CPU.ActiveCfg = Debug|Any CPU
		{451F42DC-41A5-3BA9-EB8E-5A05335D091D}.Debug|Any CPU.Build.0 = Debug|Any CPU
		{451F42DC-41A5-3BA9-EB8E-5A05335D091D}.Release|Any CPU.ActiveCfg = Release|Any CPU
		{451F42DC-41A5-3BA9-EB8E-5A05335D091D}.Release|Any CPU.Build.0 = Release|Any CPU
	EndGlobalSection
	GlobalSection(SolutionProperties) = preSolution
		HideSolutionNode = FALSE
	EndGlobalSection
	GlobalSection(MonoDevelopProperties) = preSolution
		StartupItem = Assembly-CSharp.csproj
	EndGlobalSection
EndGlobal
